# Generated by tools/doctor.mjs --fix-lock
# One line per question: <chapter-id>#<index> <sha256(stem) first 12>
# Append only. A removed or reordered id is a build failure, because that
# id is the key a learner's spaced-repetition schedule is stored under.
00-the-job-posting#0 88c5eba9b171
00-the-job-posting#1 9b3474adf4c4
00-the-job-posting#2 333a2db3fafd
00-the-job-posting#3 4361680c3013
00-the-job-posting#4 c032684a6c73
00-the-job-posting#5 55393f582b53
00-the-job-posting#6 ac1c29a9d66d
00-the-job-posting#7 2dd98f7530ae
00-the-job-posting#8 68c1c4d2e572
00-the-job-posting#9 c3806aaea381
00-the-job-posting#10 2365be8ad048
00a-what-is-a-database#0 4d5668faca8f
00a-what-is-a-database#1 70c758b72f5c
00a-what-is-a-database#2 133a4a55a585
00a-what-is-a-database#3 68fcb0b5ebd6
00a-what-is-a-database#4 faa443033a76
00a-what-is-a-database#5 9984cb6afa86
00a-what-is-a-database#6 d3b7ad32ea8a
00a-what-is-a-database#7 acc8f71e9577
00a-what-is-a-database#8 c9a86774196d
00a-what-is-a-database#9 60b48b7291eb
00a-what-is-a-database#10 de535f292b63
00b-run-your-first-query#0 10d676213b80
00b-run-your-first-query#1 9043b889afe9
00b-run-your-first-query#2 e709057e3546
00b-run-your-first-query#3 2e672d362ca7
00b-run-your-first-query#4 8f348e3d6f5c
00b-run-your-first-query#5 eaef8562131b
00b-run-your-first-query#6 9b688cb3cc02
00b-run-your-first-query#7 430ec5a51569
00b-run-your-first-query#8 352b2dde2246
00b-run-your-first-query#9 49d6384ae7fe
00b-run-your-first-query#10 aa8e99cbedc9
00c-tables-rows-columns#0 154480f7f01f
00c-tables-rows-columns#1 095f11ef8ea7
00c-tables-rows-columns#2 aac5a431d548
00c-tables-rows-columns#3 221cb0b41efc
00c-tables-rows-columns#4 de0169e78dd6
00c-tables-rows-columns#5 89eefdf8c06c
00c-tables-rows-columns#6 7237861b7c62
00c-tables-rows-columns#7 7e10ffc275d7
00c-tables-rows-columns#8 e368f418ac00
00c-tables-rows-columns#9 1d7532b97660
00c-tables-rows-columns#10 63ef9a56b82a
00d-select-and-from#0 90f978321fd1
00d-select-and-from#1 5e4e7d1aca6e
00d-select-and-from#2 d537b0fb68cb
00d-select-and-from#3 969bcd0ba27a
00d-select-and-from#4 a90334cc8267
00d-select-and-from#5 868787634248
00d-select-and-from#6 d7cdc0972bc2
00d-select-and-from#7 8f9b9442e470
00d-select-and-from#8 5d976fb0bbdd
00d-select-and-from#9 fdf3009e046b
00d-select-and-from#10 120185848af0
00e-where-filtering#0 1a3b7d212fc1
00e-where-filtering#1 8ef22aacce7a
00e-where-filtering#2 46b75628aaea
00e-where-filtering#3 2ae5d0335bf8
00e-where-filtering#4 4ee1c19e861f
00e-where-filtering#5 ef729a944bc1
00e-where-filtering#6 6c04df4fb967
00e-where-filtering#7 95a1d7fe626f
00e-where-filtering#8 158b67bcb14f
00e-where-filtering#9 5fdbbc239555
00e-where-filtering#10 be3333182f83
00f-order-by-and-limit#0 cfa4e4b832fa
00f-order-by-and-limit#1 d263aaf4afbc
00f-order-by-and-limit#2 2f0a84e1a964
00f-order-by-and-limit#3 f09844ad155a
00f-order-by-and-limit#4 2c8782dcfa5b
00f-order-by-and-limit#5 432d4941812a
00f-order-by-and-limit#6 dd34cca0c65e
00f-order-by-and-limit#7 0a85a57a011e
00f-order-by-and-limit#8 0d569b372219
00f-order-by-and-limit#9 bab399faf241
00f-order-by-and-limit#10 ec7cbe4bc74c
00g-expressions-and-types#0 fe02e730658b
00g-expressions-and-types#1 9470b3c9b18e
00g-expressions-and-types#2 454b0d50175b
00g-expressions-and-types#3 5eefb1bcd7ee
00g-expressions-and-types#4 d369b5b7f1f1
00g-expressions-and-types#5 01f53bcec19f
00g-expressions-and-types#6 231c75c5dde7
00g-expressions-and-types#7 c1461db88c57
00g-expressions-and-types#8 93132a0677fb
00g-expressions-and-types#9 b3e9c9aa6a3b
00g-expressions-and-types#10 24d0fb4d6b5f
00h-create-insert-update-delete#0 b8ba4135a5ee
00h-create-insert-update-delete#1 9a84883bf204
00h-create-insert-update-delete#2 e1d88ef391d2
00h-create-insert-update-delete#3 ea9563b90d7a
00h-create-insert-update-delete#4 0c1ee9c6b414
00h-create-insert-update-delete#5 bb86bdce22d2
00h-create-insert-update-delete#6 22c9ce14d495
00h-create-insert-update-delete#7 f3c3b1cc8fed
00h-create-insert-update-delete#8 b0f477d0f303
00h-create-insert-update-delete#9 e9c076eeb520
00h-create-insert-update-delete#10 bbd1931a19b6
00i-your-first-join#0 904aa6ddaa87
00i-your-first-join#1 b6ff17ecc830
00i-your-first-join#2 da868aa3c901
00i-your-first-join#3 f7ddef7bbc61
00i-your-first-join#4 744bd5c37c1c
00i-your-first-join#5 d91caf46b006
00i-your-first-join#6 46b673c5d72e
00i-your-first-join#7 36c89181bdd3
00i-your-first-join#8 f9587348a2dd
00i-your-first-join#9 3f8d32afe787
00i-your-first-join#10 d4ad92a29c89
00j-your-first-group-by#0 aa8baa9183e9
00j-your-first-group-by#1 fd3dea66dd23
00j-your-first-group-by#2 29ad561ef502
00j-your-first-group-by#3 9adfb760aae8
00j-your-first-group-by#4 42a44a9232ae
00j-your-first-group-by#5 16a7bba4a7c1
00j-your-first-group-by#6 3baff4f7501e
00j-your-first-group-by#7 9bc0cea7ef2a
00j-your-first-group-by#8 ce8734d5cdc9
00j-your-first-group-by#9 558079476957
00j-your-first-group-by#10 123834373fa4
01-engines-and-storage#0 286b43f8842e
01-engines-and-storage#1 6de389c8a5e1
01-engines-and-storage#2 72f8a8b707b2
01-engines-and-storage#3 95346dd64bf1
01-engines-and-storage#4 b7969b293228
01-engines-and-storage#5 a9e48a5db31d
01-engines-and-storage#6 ecaa7623cc23
01-engines-and-storage#7 3debc2e1e9dc
01-engines-and-storage#8 7640aaa43e5c
01-engines-and-storage#9 cbdc87acf245
01-engines-and-storage#10 1d57664bbcae
01-engines-and-storage#11 ba3a4c425658
02-relational-model#0 f9d80fc0c3e9
02-relational-model#1 ea8d40cf82be
02-relational-model#2 55af0845dc6f
02-relational-model#3 90d0b08eb68f
02-relational-model#4 6c2b2f02d817
02-relational-model#5 07a3be8fb52b
02-relational-model#6 5c0c1c35bdcf
02-relational-model#7 1085aedbba22
02-relational-model#8 e37cf15be5e1
02-relational-model#9 d0ca642e7b3f
02-relational-model#10 450a2d6a9b34
03-data-types#0 3bf7ae7432e2
03-data-types#1 bb92fe7e3d82
03-data-types#2 bf57adc7dc7b
03-data-types#3 95e962ca5cf9
03-data-types#4 e2d830bc3904
03-data-types#5 86dc704d6caf
03-data-types#6 9fdc780dc8a5
03-data-types#7 913dd0b90e31
03-data-types#8 a5fc18b5cc89
03-data-types#9 8df90caafeba
03-data-types#10 146c7999f8c8
04-ddl-and-constraints#0 7769d10f96d5
04-ddl-and-constraints#1 588e9edba59f
04-ddl-and-constraints#2 503a5776e67c
04-ddl-and-constraints#3 2f4e0d5e9ed0
04-ddl-and-constraints#4 74f4c5737cd3
04-ddl-and-constraints#5 87e4c8cd7212
04-ddl-and-constraints#6 c10f5dabfa51
04-ddl-and-constraints#7 fe994d4a0905
04-ddl-and-constraints#8 545bffa00d8f
04-ddl-and-constraints#9 d3b086bd1520
04-ddl-and-constraints#10 9120f3b1ccb9
05-normalisation#0 8be48af87f87
05-normalisation#1 9e79db20c0cf
05-normalisation#2 150afed117f5
05-normalisation#3 3343d4e607fc
05-normalisation#4 4f38a7aa2a6a
05-normalisation#5 c750e4c25b99
05-normalisation#6 ec2b80459d47
05-normalisation#7 45c8f9efe982
05-normalisation#8 0fdee09a753d
05-normalisation#9 733594c88005
06-how-select-is-evaluated#0 5ef68f3b7119
06-how-select-is-evaluated#1 d4ea9cbf978d
06-how-select-is-evaluated#2 a3492bcb5a56
06-how-select-is-evaluated#3 72cf6c3f0468
06-how-select-is-evaluated#4 283a3d3e9583
06-how-select-is-evaluated#5 968bc9d5cbb9
06-how-select-is-evaluated#6 1c4241d0ee61
06-how-select-is-evaluated#7 9166e5be6622
06-how-select-is-evaluated#8 b738f56c3a36
06-how-select-is-evaluated#9 62226011a290
07-predicates-and-sargability#0 30cdd07c85b7
07-predicates-and-sargability#1 c1ffe4284ae3
07-predicates-and-sargability#2 1fddb87ca261
07-predicates-and-sargability#3 904694d419d2
07-predicates-and-sargability#4 20d51a3e6a39
07-predicates-and-sargability#5 5ebfcf661f3b
07-predicates-and-sargability#6 98afbf0a7bbd
07-predicates-and-sargability#7 bfb87361ce00
07-predicates-and-sargability#8 58a60c42e33b
07-predicates-and-sargability#9 87f73ee92e16
08-joins#0 23f9c16eae2c
08-joins#1 3abd99e4f12d
08-joins#2 bc165192062d
08-joins#3 d9069b314589
08-joins#4 b049f126bea0
08-joins#5 eb318a6a5234
08-joins#6 b0c40360719a
08-joins#7 ec1b7fffd461
08-joins#8 4dc91691de25
08-joins#9 a25b0632beff
08-joins#10 bb970eaf6ccb
09-null-and-three-valued-logic#0 24b5216ba708
09-null-and-three-valued-logic#1 e4ecd60db63a
09-null-and-three-valued-logic#2 84f78b3a229f
09-null-and-three-valued-logic#3 ea9d78df6de2
09-null-and-three-valued-logic#4 86b74a5f0037
09-null-and-three-valued-logic#5 91953e31c9ea
09-null-and-three-valued-logic#6 0c6505eee38e
09-null-and-three-valued-logic#7 d5bd39976dd8
09-null-and-three-valued-logic#8 ca4a5bdba3b4
09-null-and-three-valued-logic#9 ef7641b63a37
09-null-and-three-valued-logic#10 9c1b6cc0aaba
10-aggregation#0 37eb1cb20ea5
10-aggregation#1 d481263d64de
10-aggregation#2 7a2672890b2b
10-aggregation#3 7aa18126aee7
10-aggregation#4 f55663ad000a
10-aggregation#5 fcc3f4987f8f
10-aggregation#6 bd388353a360
10-aggregation#7 46fec520efd6
10-aggregation#8 2a38c550f111
10-aggregation#9 05e68ff8377d
11-subqueries#0 1a48d27c94ee
11-subqueries#1 f38938b88184
11-subqueries#2 7648abff710f
11-subqueries#3 1d1c7c6557b7
11-subqueries#4 f977323dcc39
11-subqueries#5 85b0a03bbb22
11-subqueries#6 9ed926f5927e
11-subqueries#7 ff7c63a5a3ab
11-subqueries#8 2164a79e4996
11-subqueries#9 6e4914b8eba1
12-ctes-and-recursion#0 71775bdc2373
12-ctes-and-recursion#1 1a300d93e7bd
12-ctes-and-recursion#2 9abac09cec49
12-ctes-and-recursion#3 be28353f3291
12-ctes-and-recursion#4 dad69a37244d
12-ctes-and-recursion#5 f5ec72406760
12-ctes-and-recursion#6 581ed31db55f
12-ctes-and-recursion#7 bb2769f219be
12-ctes-and-recursion#8 9788791cbc64
12-ctes-and-recursion#9 8142f8723c58
13-window-functions#0 d43e2bdfec92
13-window-functions#1 dad15d71dd2e
13-window-functions#2 7af0c2932bea
13-window-functions#3 546cad45dc63
13-window-functions#4 c3c681a644eb
13-window-functions#5 384ee0995184
13-window-functions#6 b51e3197905b
13-window-functions#7 d2cc3dc02150
13-window-functions#8 e4a103d3e0c5
13-window-functions#9 ac23f2640b35
13-window-functions#10 407bbe09e958
14-frames-and-islands#0 7798e3275930
14-frames-and-islands#1 83740fb23f05
14-frames-and-islands#2 f32c251df44e
14-frames-and-islands#3 ab44846acaba
14-frames-and-islands#4 98191ea346d2
14-frames-and-islands#5 188ffd236dfb
14-frames-and-islands#6 894104913ed9
14-frames-and-islands#7 9bf76b9377e2
14-frames-and-islands#8 0fd371ae3e97
14-frames-and-islands#9 31b80f6f7697
15-set-operations#0 205e90e5faa6
15-set-operations#1 a11d2062802e
15-set-operations#2 f5f332cc0a57
15-set-operations#3 0a9ca748d2a8
15-set-operations#4 2a3646c6dc62
15-set-operations#5 d1dab6ed8e56
15-set-operations#6 f2805b98455e
15-set-operations#7 9e9ef715cec0
15-set-operations#8 5f60d92b7600
15-set-operations#9 628a55a89e6f
16-case-and-pivot#0 d4cd4383a1c6
16-case-and-pivot#1 09c13e1fd481
16-case-and-pivot#2 a03bf93193fd
16-case-and-pivot#3 1edf34b8e555
16-case-and-pivot#4 46a169ee7177
16-case-and-pivot#5 29369a3ede89
16-case-and-pivot#6 120c7b94ac36
16-case-and-pivot#7 cef16aa297fd
16-case-and-pivot#8 da9ddf2ac1ec
16-case-and-pivot#9 ed32da630769
17-strings-dates-timezones#0 e94128e0cfdf
17-strings-dates-timezones#1 37325e3df99b
17-strings-dates-timezones#2 eb752e2f0a4b
17-strings-dates-timezones#3 073846420b74
17-strings-dates-timezones#4 e38fa9976993
17-strings-dates-timezones#5 d594a6a0e491
17-strings-dates-timezones#6 beb71d036e15
17-strings-dates-timezones#7 ce6eb3362d72
17-strings-dates-timezones#8 cf841e0d9793
17-strings-dates-timezones#9 f9c50871682d
18-json-in-sql#0 009298864e8d
18-json-in-sql#1 a4649d70e0cf
18-json-in-sql#2 ce02cbd59fbb
18-json-in-sql#3 ab79cd17aa30
18-json-in-sql#4 1802f231e5b6
18-json-in-sql#5 5fd10b53432a
18-json-in-sql#6 9b052e903015
18-json-in-sql#7 0f9f1667c28f
18-json-in-sql#8 d84a316ba80c
18-json-in-sql#9 fd78df4d2c93
19-insert-update-delete#0 df2e30d88f29
19-insert-update-delete#1 cabe013543af
19-insert-update-delete#2 10f47bdceb45
19-insert-update-delete#3 aac3ea5a7bcf
19-insert-update-delete#4 23a5818ceb01
19-insert-update-delete#5 dc81e9142b39
19-insert-update-delete#6 b77d870bb64a
19-insert-update-delete#7 f0a3c9a408ac
19-insert-update-delete#8 2215eca62d06
19-insert-update-delete#9 c46002774fc6
20-upsert-and-idempotency#0 9c7ba174d41d
20-upsert-and-idempotency#1 bb57c4b8db9f
20-upsert-and-idempotency#2 18483fec2f6e
20-upsert-and-idempotency#3 a6b7fe07208e
20-upsert-and-idempotency#4 00ac540af290
20-upsert-and-idempotency#5 df1d671f3413
20-upsert-and-idempotency#6 351941f9d926
20-upsert-and-idempotency#7 2391a921e754
20-upsert-and-idempotency#8 bf05b4acc093
20-upsert-and-idempotency#9 2989410b7de9
21-transactions#0 0c572e3edd44
21-transactions#1 b8adc36c515c
21-transactions#2 d7be05dca033
21-transactions#3 39b4341ef0a8
21-transactions#4 5f42fa4baa18
21-transactions#5 b69485d6a139
21-transactions#6 91ace2ce8a61
21-transactions#7 400b8a6333fb
21-transactions#8 e0a1afe4ffb6
21-transactions#9 b5ca21c7b191
22-isolation-levels#0 46ca5172cc5b
22-isolation-levels#1 8e5c85355c5b
22-isolation-levels#2 2fc4ddff8d8b
22-isolation-levels#3 4de012f1eaef
22-isolation-levels#4 82343bea922d
22-isolation-levels#5 5dd3ba012dd5
22-isolation-levels#6 080ec3b59247
22-isolation-levels#7 7963ab6f3403
22-isolation-levels#8 5f7ebc257232
22-isolation-levels#9 8b8f7e2263a9
23-locks-and-deadlocks#0 b9a28c3787cf
23-locks-and-deadlocks#1 00578d5839b1
23-locks-and-deadlocks#2 fa7c4e3b48b7
23-locks-and-deadlocks#3 e7990188a37a
23-locks-and-deadlocks#4 28c2450a1e94
23-locks-and-deadlocks#5 6917fe204ce5
23-locks-and-deadlocks#6 4dd590baec72
23-locks-and-deadlocks#7 de7962939c28
23-locks-and-deadlocks#8 82a7f376daaa
23-locks-and-deadlocks#9 65effe4c6257
24-concurrency-patterns#0 90d3c8ce9757
24-concurrency-patterns#1 e8309cd2bd60
24-concurrency-patterns#2 02df33b0dbfc
24-concurrency-patterns#3 c2f70d598c36
24-concurrency-patterns#4 70fb0b2bf680
24-concurrency-patterns#5 c96d2214c100
24-concurrency-patterns#6 ec468929beca
24-concurrency-patterns#7 e08655070c71
24-concurrency-patterns#8 7bb38aa1d9c8
24-concurrency-patterns#9 60135b8e20c6
25-how-an-index-works#0 5d9f8921e809
25-how-an-index-works#1 9a591178a890
25-how-an-index-works#2 7055c2cda297
25-how-an-index-works#3 515f7e722b52
25-how-an-index-works#4 e6c6bf4b839c
25-how-an-index-works#5 3b6f4ba8f86f
25-how-an-index-works#6 d4a4c4e17626
25-how-an-index-works#7 0b2f73a9cb8b
25-how-an-index-works#8 146abf259407
25-how-an-index-works#9 2419bd839500
26-index-design#0 e67abdbf2a5e
26-index-design#1 a74cfbc46c53
26-index-design#2 d5140da4161c
26-index-design#3 ad135619acf8
26-index-design#4 c074e085a6cb
26-index-design#5 cc26d90c4a55
26-index-design#6 0487c4a8ac78
26-index-design#7 899cd8144d64
26-index-design#8 e75372ed5eaf
26-index-design#9 196ee3b004e0
27-execution-plans#0 6ceb3d579f7e
27-execution-plans#1 50a1167b3b6b
27-execution-plans#2 1e1e3b2daebb
27-execution-plans#3 0f89e418fdff
27-execution-plans#4 95c36beede67
27-execution-plans#5 03dacc596604
27-execution-plans#6 a356ec7f4e82
27-execution-plans#7 59893f56de51
27-execution-plans#8 51f19a3944c1
27-execution-plans#9 fe325b5704ee
28-statistics-and-sniffing#0 89a198f479de
28-statistics-and-sniffing#1 6a1c0afd28e3
28-statistics-and-sniffing#2 ad5ec8c363fd
28-statistics-and-sniffing#3 0a62de0976e4
28-statistics-and-sniffing#4 fc907ec7768d
28-statistics-and-sniffing#5 1976eccbe833
28-statistics-and-sniffing#6 df6f8374ba36
28-statistics-and-sniffing#7 cd4f09c5957e
28-statistics-and-sniffing#8 7d633cd4d427
28-statistics-and-sniffing#9 de865d550fdb
29-slow-query-patterns#0 87d95bfb36ff
29-slow-query-patterns#1 9c4c07b9e5a6
29-slow-query-patterns#2 7bda9aefbec7
29-slow-query-patterns#3 99fca7fb6cdc
29-slow-query-patterns#4 c97c10c1bda7
29-slow-query-patterns#5 03db5e79b785
29-slow-query-patterns#6 3cad7654c3aa
29-slow-query-patterns#7 90fe69c0c249
29-slow-query-patterns#8 98dca8937543
29-slow-query-patterns#9 1c75442a98ee
30-pagination#0 ec7bbdab417f
30-pagination#1 8bb165bae96d
30-pagination#2 dbfe7fcec05f
30-pagination#3 20af033578d7
30-pagination#4 46f44e8014c2
30-pagination#5 51117a16a111
30-pagination#6 77ad0585ccef
30-pagination#7 e582978f5060
30-pagination#8 a42b2a90be61
30-pagination#9 744e16b007cc
31-big-tables#0 53404f144622
31-big-tables#1 6ab55b0e4bbb
31-big-tables#2 d718ae15cf24
31-big-tables#3 5b8779ac9136
31-big-tables#4 573fa0dbfdb9
31-big-tables#5 47244591ded3
31-big-tables#6 8c48a8804f67
31-big-tables#7 6deabdd1b6b7
31-big-tables#8 4f05585a9486
31-big-tables#9 2a05c6cd581b
32-materialisation-and-caching#0 4585fe6b7ef1
32-materialisation-and-caching#1 1d9df9a9b8f0
32-materialisation-and-caching#2 cd7b8773fff8
32-materialisation-and-caching#3 9562a203e6af
32-materialisation-and-caching#4 eb073c31363b
32-materialisation-and-caching#5 0c0cf093f253
32-materialisation-and-caching#6 ed15d592f62b
32-materialisation-and-caching#7 322e4042cb1a
32-materialisation-and-caching#8 7940674c4fca
32-materialisation-and-caching#9 e1ebff0f48f6
33-views-procs-functions-triggers#0 8c565646becf
33-views-procs-functions-triggers#1 464c63e0115e
33-views-procs-functions-triggers#2 139682b61caa
33-views-procs-functions-triggers#3 72f5a41b122b
33-views-procs-functions-triggers#4 7fc7834256db
33-views-procs-functions-triggers#5 4fe35f52c900
33-views-procs-functions-triggers#6 a185d3d767c2
33-views-procs-functions-triggers#7 f2d81bb623d6
33-views-procs-functions-triggers#8 6bbe3e8da701
33-views-procs-functions-triggers#9 209ef21ad007
34-dynamic-sql-and-injection#0 8085854bc61b
34-dynamic-sql-and-injection#1 2a8917928e6a
34-dynamic-sql-and-injection#2 d38d8f10752e
34-dynamic-sql-and-injection#3 74d257894ae2
34-dynamic-sql-and-injection#4 6b1648d0d328
34-dynamic-sql-and-injection#5 dddd43b94cef
34-dynamic-sql-and-injection#6 64f488a786c1
34-dynamic-sql-and-injection#7 1aa64b1a1a20
34-dynamic-sql-and-injection#8 712efda5b421
34-dynamic-sql-and-injection#9 e7a95ab90617
35-security-and-gdpr#0 af1797c84169
35-security-and-gdpr#1 a1391f6f49b6
35-security-and-gdpr#2 a7fc1f7f0c8f
35-security-and-gdpr#3 2680b967fdca
35-security-and-gdpr#4 36af9162da42
35-security-and-gdpr#5 63ddbcc0cbc4
35-security-and-gdpr#6 e4972eed4a77
35-security-and-gdpr#7 9925403a7faa
35-security-and-gdpr#8 9b6e7d6bdbac
35-security-and-gdpr#9 8992d1b47fc7
36-migrations#0 64276e9e00a0
36-migrations#1 f49553cdf125
36-migrations#2 155cf3e01fe5
36-migrations#3 7dbff2aef4e6
36-migrations#4 65faddc22c3b
36-migrations#5 905278295276
36-migrations#6 d91a052a7e62
36-migrations#7 96133f60975e
36-migrations#8 6d4a9e7c9c0d
36-migrations#9 082cd272a29f
37-testing-sql#0 e4a817f592ff
37-testing-sql#1 e1c4eebfa712
37-testing-sql#2 d3373e32e63d
37-testing-sql#3 320f13137e1e
37-testing-sql#4 6ac47acb6f9a
37-testing-sql#5 28aebc050359
37-testing-sql#6 60c1fa3c2f49
37-testing-sql#7 1f06632f0a2b
37-testing-sql#8 8936fe353ebf
37-testing-sql#9 775e8a0969ce
38-the-orm-boundary#0 a610faeb06ae
38-the-orm-boundary#1 28ee94de4b27
38-the-orm-boundary#2 55233d9d8e34
38-the-orm-boundary#3 7cb9731cf379
38-the-orm-boundary#4 e85584fa8666
38-the-orm-boundary#5 bddbeaa4ba4d
38-the-orm-boundary#6 5877fcf0f4d9
38-the-orm-boundary#7 ec875220d56f
38-the-orm-boundary#8 98576fc4e742
38-the-orm-boundary#9 e849eb870fd4
39-oltp-vs-olap#0 28a419e11e5a
39-oltp-vs-olap#1 20baa4bf4fac
39-oltp-vs-olap#2 1b51d8d6676d
39-oltp-vs-olap#3 739f4cc0ef33
39-oltp-vs-olap#4 240fffae2a56
39-oltp-vs-olap#5 fe1bc28d1b7e
39-oltp-vs-olap#6 2b3270c0b666
39-oltp-vs-olap#7 e632d850767c
39-oltp-vs-olap#8 d5f9ed43e336
39-oltp-vs-olap#9 a3b7f92a1e61
40-etl-and-warehouses#0 c3bcdf76525a
40-etl-and-warehouses#1 c1b6963156d8
40-etl-and-warehouses#2 ceb6cdfae1e6
40-etl-and-warehouses#3 50be32e1a2e5
40-etl-and-warehouses#4 769485c0f685
40-etl-and-warehouses#5 52f0b14d0531
40-etl-and-warehouses#6 a5188125ec1b
40-etl-and-warehouses#7 28109e007b59
40-etl-and-warehouses#8 6a1f3d3c1694
40-etl-and-warehouses#9 1b37fe6d19ec
41-backup-restore-ha#0 cca59034341e
41-backup-restore-ha#1 21cf1dcf83d6
41-backup-restore-ha#2 26411ce94f02
41-backup-restore-ha#3 b4a95f10d0eb
41-backup-restore-ha#4 8567fb1dfa85
41-backup-restore-ha#5 18a279e0f3a3
41-backup-restore-ha#6 1733926cc078
41-backup-restore-ha#7 9ead909b9c9a
41-backup-restore-ha#8 49b919a40bd6
41-backup-restore-ha#9 f066f582e6cd
42-production-diagnosis#0 da15e568d17b
42-production-diagnosis#1 aa109ab95a24
42-production-diagnosis#2 ae971976c0e1
42-production-diagnosis#3 9045c49ee8ea
42-production-diagnosis#4 8a0aa57417ac
42-production-diagnosis#5 6583b28e523b
42-production-diagnosis#6 15f9aab5d9cf
42-production-diagnosis#7 602d41cab406
42-production-diagnosis#8 224524d152fe
42-production-diagnosis#9 923c31cc770a
43-nosql-and-limits#0 577808e3f0f2
43-nosql-and-limits#1 16d5d8350a33
43-nosql-and-limits#2 66acc54789d5
43-nosql-and-limits#3 7d3c365cbc7f
43-nosql-and-limits#4 7f4b66ed3dbf
43-nosql-and-limits#5 b166ce16d47b
43-nosql-and-limits#6 2836c88f26e5
43-nosql-and-limits#7 7c77b6d382de
43-nosql-and-limits#8 47dfa170a6df
43-nosql-and-limits#9 32b8320b4f0e
44-dialects#0 ec0f661710b1
44-dialects#1 6480c43a31d9
44-dialects#2 9426c082e6a9
44-dialects#3 bbff3df465f0
44-dialects#4 a5f6abf36ce4
44-dialects#5 74ed04e8af76
44-dialects#6 db6ed1bc6868
44-dialects#7 fc8d543ff644
44-dialects#8 feedf500cf9d
44-dialects#9 596743ddb485
45-procedural-sql#0 28d688098449
45-procedural-sql#1 531db33ba16d
45-procedural-sql#2 6a9ce388bbbb
45-procedural-sql#3 46a358a3535d
45-procedural-sql#4 f46a1dd8276a
45-procedural-sql#5 efcf9329d3d6
45-procedural-sql#6 01c777ce9716
45-procedural-sql#7 1e2aba373679
45-procedural-sql#8 21c4938a2fcd
45-procedural-sql#9 51cfc305f359
46-italian-market#0 96b58cee9ef4
46-italian-market#1 68836b50e463
46-italian-market#2 a7fac43cf2de
46-italian-market#3 187efd88b591
46-italian-market#4 02f96e7e869c
46-italian-market#5 aa2e6f3c6e86
46-italian-market#6 ad64da0f0d89
46-italian-market#7 713176c65c5b
46-italian-market#8 65adfb8bd58a
46-italian-market#9 c2d11495a203
47-agile-and-rhythm#0 e557c935f26a
47-agile-and-rhythm#1 bcce178f187b
47-agile-and-rhythm#2 963282b7884e
47-agile-and-rhythm#3 b795317a457a
47-agile-and-rhythm#4 a110c7b7b361
47-agile-and-rhythm#5 28170f807987
47-agile-and-rhythm#6 f359e1274b64
47-agile-and-rhythm#7 9b544a585ef3
47-agile-and-rhythm#8 49afe9c23f2e
47-agile-and-rhythm#9 2409cfea0d7b
48-analysis-and-teamwork#0 3839f0775d3a
48-analysis-and-teamwork#1 523ba1dc3547
48-analysis-and-teamwork#2 6767422b6b8b
48-analysis-and-teamwork#3 57fa5f1081a4
48-analysis-and-teamwork#4 25f130550047
48-analysis-and-teamwork#5 965b953e25bd
48-analysis-and-teamwork#6 ad7f68e6df7c
48-analysis-and-teamwork#7 dc3344ff4555
48-analysis-and-teamwork#8 f7e1fe666f19
48-analysis-and-teamwork#9 0a54aa1e7d8a
49-your-cv#0 cb307a46be88
49-your-cv#1 88039c65e25c
49-your-cv#2 e25178267b2e
49-your-cv#3 6b0736afff9b
49-your-cv#4 016b682d1f60
49-your-cv#5 f791eca38fa7
49-your-cv#6 e74393d23bed
49-your-cv#7 3adcebd99748
49-your-cv#8 7b1153d4e7cc
49-your-cv#9 03e74465b69f
50-the-screening-test#0 edcaed95d6eb
50-the-screening-test#1 c689ff070766
50-the-screening-test#2 afd38b32fd4c
50-the-screening-test#3 451609e2ab6b
50-the-screening-test#4 66f64a382e62
50-the-screening-test#5 d35680e29488
50-the-screening-test#6 8417781cc555
50-the-screening-test#7 bbba2ce113cd
50-the-screening-test#8 61e9c8b6eac5
50-the-screening-test#9 55d17a58b432
51-the-interview#0 4e6ff09e5e18
51-the-interview#1 cd782fb194f3
51-the-interview#2 8807aadbb928
51-the-interview#3 ef3526452487
51-the-interview#4 0ebe7f1805a7
51-the-interview#5 1d8d268659ca
51-the-interview#6 f22c17846a0e
51-the-interview#7 9ce1dc69ec23
51-the-interview#8 8a7fdf605161
51-the-interview#9 f11ba4bbc91e
